// !$*UTF8*$!
{
	archiveVersion = 1;
	classes = {
	};
	objectVersion = 50;
	objects = {

/* Begin PBXBuildFile section */
		6DCBD76E2422D9DA0075215E /* AppDelegate.swift in Sources */ = {isa = PBXBuildFile; fileRef = 6DCBD76D2422D9DA0075215E /* AppDelegate.swift */; };
		6DCBD7702422D9DA0075215E /* SceneDelegate.swift in Sources */ = {isa = PBXBuildFile; fileRef = 6DCBD76F2422D9DA0075215E /* SceneDelegate.swift */; };
		6DCBD7722422D9DA0075215E /* ViewController.swift in Sources */ = {isa = PBXBuildFile; fileRef = 6DCBD7712422D9DA0075215E /* ViewController.swift */; };
		6DCBD7752422D9DA0075215E /* Main.storyboard in Resources */ = {isa = PBXBuildFile; fileRef = 6DCBD7732422D9DA0075215E /* Main.storyboard */; };
		6DCBD7772422D9DB0075215E /* Assets.xcassets in Resources */ = {isa = PBXBuildFile; fileRef = 6DCBD7762422D9DB0075215E /* Assets.xcassets */; };
		6DCBD77A2422D9DB0075215E /* LaunchScreen.storyboard in Resources */ = {isa = PBXBuildFile; fileRef = 6DCBD7782422D9DB0075215E /* LaunchScreen.storyboard */; };
		6DCBD7852422D9DB0075215E /* ParstagramTests.swift in Sources */ = {isa = PBXBuildFile; fileRef = 6DCBD7842422D9DB0075215E /* ParstagramTests.swift */; };
		6DCBD7902422D9DB0075215E /* ParstagramUITests.swift in Sources */ = {isa = PBXBuildFile; fileRef = 6DCBD78F2422D9DB0075215E /* ParstagramUITests.swift */; };
/* End PBXBuildFile section */

/* Begin PBXContainerItemProxy section */
		6DCBD7812422D9DB0075215E /* PBXContainerItemProxy */ = {
			isa = PBXContainerItemProxy;
			containerPortal = 6DCBD7622422D9D90075215E /* Project object */;
			proxyType = 1;
			remoteGlobalIDString = 6DCBD7692422D9D90075215E;
			remoteInfo = Parstagram;
		};
		6DCBD78C2422D9DB0075215E /* PBXContainerItemProxy */ = {
			isa = PBXContainerItemProxy;
			containerPortal = 6DCBD7622422D9D90075215E /* Project object */;
			proxyType = 1;
			remoteGlobalIDString = 6DCBD7692422D9D90075215E;
			remoteInfo = Parstagram;
		};
/* End PBXContainerItemProxy section */

/* Begin PBXFileReference section */
		6DCBD76A2422D9DA0075215E /* Parstagram.app */ = {isa = PBXFileReference; explicitFileType = wrapper.application; includeInIndex = 0; path = Parstagram.app; sourceTree = BUILT_PRODUCTS_DIR; };
		6DCBD76D2422D9DA0075215E /* AppDelegate.swift */ = {isa = PBXFileReference; lastKnownFileType = sourcecode.swift; path = AppDelegate.swift; sourceTree = "<group>"; };
		6DCBD76F2422D9DA0075215E /* SceneDelegate.swift */ = {isa = PBXFileReference; lastKnownFileType = sourcecode.swift; path = SceneDelegate.swift; sourceTree = "<group>"; };
		6DCBD7712422D9DA0075215E /* ViewController.swift */ = {isa = PBXFileReference; lastKnownFileType = sourcecode.swift; path = ViewController.swift; sourceTree = "<group>"; };
		6DCBD7742422D9DA0075215E /* Base */ = {isa = PBXFileReference; lastKnownFileType = file.storyboard; name = Base; path = Base.lproj/Main.storyboard; sourceTree = "<group>"; };
		6DCBD7762422D9DB0075215E /* Assets.xcassets */ = {isa = PBXFileReference; lastKnownFileType = folder.assetcatalog; path = Assets.xcassets; sourceTree = "<group>"; };
		6DCBD7792422D9DB0075215E /* Base */ = {isa = PBXFileReference; lastKnownFileType = file.storyboard; name = Base; path = Base.lproj/LaunchScreen.storyboard; sourceTree = "<group>"; };
		6DCBD77B2422D9DB0075215E /* Info.plist */ = {isa = PBXFileReference; lastKnownFileType = text.plist.xml; path = Info.plist; sourceTree = "<group>"; };
		6DCBD7802422D9DB0075215E /* ParstagramTests.xctest */ = {isa = PBXFileReference; explicitFileType = wrapper.cfbundle; includeInIndex = 0; path = ParstagramTests.xctest; sourceTree = BUILT_PRODUCTS_DIR; };
		6DCBD7842422D9DB0075215E /* ParstagramTests.swift */ = {isa = PBXFileReference; lastKnownFileType = sourcecode.swift; path = ParstagramTests.swift; sourceTree = "<group>"; };
		6DCBD7862422D9DB0075215E /* Info.plist */ = {isa = PBXFileReference; lastKnownFileType = text.plist.xml; path = Info.plist; sourceTree = "<group>"; };
		6DCBD78B2422D9DB0075215E /* ParstagramUITests.xctest */ = {isa = PBXFileReference; explicitFileType = wrapper.cfbundle; includeInIndex = 0; path = ParstagramUITests.xctest; sourceTree = BUILT_PRODUCTS_DIR; };
		6DCBD78F2422D9DB0075215E /* ParstagramUITests.swift */ = {isa = PBXFileReference; lastKnownFileType = sourcecode.swift; path = ParstagramUITests.swift; sourceTree = "<group>"; };
		6DCBD7912422D9DB0075215E /* Info.plist */ = {isa = PBXFileReference; lastKnownFileType = text.plist.xml; path = Info.plist; sourceTree = "<group>"; };
/* End PBXFileReference section */

/* Begin PBXFrameworksBuildPhase section */
		6DCBD7672422D9D90075215E /* Frameworks */ = {
			isa = PBXFrameworksBuildPhase;
			buildActionMask = 2147483647;
			files = (
			);
			runOnlyForDeploymentPostprocessing = 0;
		};
		6DCBD77D2422D9DB0075215E /* Frameworks */ = {
			isa = PBXFrameworksBuildPhase;
			buildActionMask = 2147483647;
			files = (
			);
			runOnlyForDeploymentPostprocessing = 0;
		};
		6DCBD7882422D9DB0075215E /* Frameworks */ = {
			isa = PBXFrameworksBuildPhase;
			buildActionMask = 2147483647;
			files = (
			);
			runOnlyForDeploymentPostprocessing = 0;
		};
/* End PBXFrameworksBuildPhase section */

/* Begin PBXGroup section */
		6DCBD7612422D9D90075215E = {
			isa = PBXGroup;
			children = (
				6DCBD76C2422D9DA0075215E /* Parstagram */,
				6DCBD7832422D9DB0075215E /* ParstagramTests */,
				6DCBD78E2422D9DB0075215E /* ParstagramUITests */,
				6DCBD76B2422D9DA0075215E /* Products */,
			);
			sourceTree = "<group>";
		};
		6DCBD76B2422D9DA0075215E /* Products */ = {
			isa = PBXGroup;
			children = (
				6DCBD76A2422D9DA0075215E /* Parstagram.app */,
				6DCBD7802422D9DB0075215E /* ParstagramTests.xctest */,
				6DCBD78B2422D9DB0075215E /* ParstagramUITests.xctest */,
			);
			name = Products;
			sourceTree = "<group>";
		};
		6DCBD76C2422D9DA0075215E /* Parstagram */ = {
			isa = PBXGroup;
			children = (
				6DCBD76D2422D9DA0075215E /* AppDelegate.swift */,
				6DCBD76F2422D9DA0075215E /* SceneDelegate.swift */,
				6DCBD7712422D9DA0075215E /* ViewController.swift */,
				6DCBD7732422D9DA0075215E /* Main.storyboard */,
				6DCBD7762422D9DB0075215E /* Assets.xcassets */,
				6DCBD7782422D9DB0075215E /* LaunchScreen.storyboard */,
				6DCBD77B2422D9DB0075215E /* Info.plist */,
			);
			path = Parstagram;
			sourceTree = "<group>";
		};
		6DCBD7832422D9DB0075215E /* ParstagramTests */ = {
			isa = PBXGroup;
			children = (
				6DCBD7842422D9DB0075215E /* ParstagramTests.swift */,
				6DCBD7862422D9DB0075215E /* Info.plist */,
			);
			path = ParstagramTests;
			sourceTree = "<group>";
		};
		6DCBD78E2422D9DB0075215E /* ParstagramUITests */ = {
			isa = PBXGroup;
			children = (
				6DCBD78F2422D9DB0075215E /* ParstagramUITests.swift */,
				6DCBD7912422D9DB0075215E /* Info.plist */,
			);
			path = ParstagramUITests;
			sourceTree = "<group>";
		};
/* End PBXGroup section */

/* Begin PBXNativeTarget section */
		6DCBD7692422D9D90075215E /* Parstagram */ = {
			isa = PBXNativeTarget;
			buildConfigurationList = 6DCBD7942422D9DC0075215E /* Build configuration list for PBXNativeTarget "Parstagram" */;
			buildPhases = (
				6DCBD7662422D9D90075215E /* Sources */,
				6DCBD7672422D9D90075215E /* Frameworks */,
				6DCBD7682422D9D90075215E /* Resources */,
			);
			buildRules = (
			);
			dependencies = (
			);
			name = Parstagram;
			productName = Parstagram;
			productReference = 6DCBD76A2422D9DA0075215E /* Parstagram.app */;
			productType = "com.apple.product-type.application";
		};
		6DCBD77F2422D9DB0075215E /* ParstagramTests */ = {
			isa = PBXNativeTarget;
			buildConfigurationList = 6DCBD7972422D9DC0075215E /* Build configuration list for PBXNativeTarget "ParstagramTests" */;
			buildPhases = (
				6DCBD77C2422D9DB0075215E /* Sources */,
				6DCBD77D2422D9DB0075215E /* Frameworks */,
				6DCBD77E2422D9DB0075215E /* Resources */,
			);
			buildRules = (
			);
			dependencies = (
				6DCBD7822422D9DB0075215E /* PBXTargetDependency */,
			);
			name = ParstagramTests;
			productName = ParstagramTests;
			productReference = 6DCBD7802422D9DB0075215E /* ParstagramTests.xctest */;
			productType = "com.apple.product-type.bundle.unit-test";
		};
		6DCBD78A2422D9DB0075215E /* ParstagramUITests */ = {
			isa = PBXNativeTarget;
			buildConfigurationList = 6DCBD79A2422D9DC0075215E /* Build configuration list for PBXNativeTarget "ParstagramUITests" */;
			buildPhases = (
				6DCBD7872422D9DB0075215E /* Sources */,
				6DCBD7882422D9DB0075215E /* Frameworks */,
				6DCBD7892422D9DB0075215E /* Resources */,
			);
			buildRules = (
			);
			dependencies = (
				6DCBD78D2422D9DB0075215E /* PBXTargetDependency */,
			);
			name = ParstagramUITests;
			productName = ParstagramUITests;
			productReference = 6DCBD78B2422D9DB0075215E /* ParstagramUITests.xctest */;
			productType = "com.apple.product-type.bundle.ui-testing";
		};
/* End PBXNativeTarget section */

/* Begin PBXProject section */
		6DCBD7622422D9D90075215E /* Project object */ = {
			isa = PBXProject;
			attributes = {
				LastSwiftUpdateCheck = 1130;
				LastUpgradeCheck = 1130;
				ORGANIZATIONNAME = "Yao Yu";
				TargetAttributes = {
					6DCBD7692422D9D90075215E = {
						CreatedOnToolsVersion = 11.3.1;
					};
					6DCBD77F2422D9DB0075215E = {
						CreatedOnToolsVersion = 11.3.1;
						TestTargetID = 6DCBD7692422D9D90075215E;
					};
					6DCBD78A2422D9DB0075215E = {
						CreatedOnToolsVersion = 11.3.1;
						TestTargetID = 6DCBD7692422D9D90075215E;
					};
				};
			};
			buildConfigurationList = 6DCBD7652422D9D90075215E /* Build configuration list for PBXProject "Parstagram" */;
			compatibilityVersion = "Xcode 9.3";
			developmentRegion = en;
			hasScannedForEncodings = 0;
			knownRegions = (
				en,
				Base,
			);
			mainGroup = 6DCBD7612422D9D90075215E;
			productRefGroup = 6DCBD76B2422D9DA0075215E /* Products */;
			projectDirPath = "";
			projectRoot = "";
			targets = (
				6DCBD7692422D9D90075215E /* Parstagram */,
				6DCBD77F2422D9DB0075215E /* ParstagramTests */,
				6DCBD78A2422D9DB0075215E /* ParstagramUITests */,
			);
		};
/* End PBXProject section */

/* Begin PBXResourcesBuildPhase section */
		6DCBD7682422D9D90075215E /* Resources */ = {
			isa = PBXResourcesBuildPhase;
			buildActionMask = 2147483647;
			files = (
				6DCBD77A2422D9DB0075215E /* LaunchScreen.storyboard in Resources */,
				6DCBD7772422D9DB0075215E /* Assets.xcassets in Resources */,
				6DCBD7752422D9DA0075215E /* Main.storyboard in Resources */,
			);
			runOnlyForDeploymentPostprocessing = 0;
		};
		6DCBD77E2422D9DB0075215E /* Resources */ = {
			isa = PBXResourcesBuildPhase;
			buildActionMask = 2147483647;
			files = (
			);
			runOnlyForDeploymentPostprocessing = 0;
		};
		6DCBD7892422D9DB0075215E /* Resources */ = {
			isa = PBXResourcesBuildPhase;
			buildActionMask = 2147483647;
			files = (
			);
			runOnlyForDeploymentPostprocessing = 0;
		};
/* End PBXResourcesBuildPhase section */

/* Begin PBXSourcesBuildPhase section */
		6DCBD7662422D9D90075215E /* Sources */ = {
			isa = PBXSourcesBuildPhase;
			buildActionMask = 2147483647;
			files = (
				6DCBD7722422D9DA0075215E /* ViewController.swift in Sources */,
				6DCBD76E2422D9DA0075215E /* AppDelegate.swift in Sources */,
				6DCBD7702422D9DA0075215E /* SceneDelegate.swift in Sources */,
			);
			runOnlyForDeploymentPostprocessing = 0;
		};
		6DCBD77C2422D9DB0075215E /* Sources */ = {
			isa = PBXSourcesBuildPhase;
			buildActionMask = 2147483647;
			files = (
				6DCBD7852422D9DB0075215E /* ParstagramTests.swift in Sources */,
			);
			runOnlyForDeploymentPostprocessing = 0;
		};
		6DCBD7872422D9DB0075215E /* Sources */ = {
			isa = PBXSourcesBuildPhase;
			buildActionMask = 2147483647;
			files = (
				6DCBD7902422D9DB0075215E /* ParstagramUITests.swift in Sources */,
			);
			runOnlyForDeploymentPostprocessing = 0;
		};
/* End PBXSourcesBuildPhase section */

/* Begin PBXTargetDependency section */
		6DCBD7822422D9DB0075215E /* PBXTargetDependency */ = {
			isa = PBXTargetDependency;
			target = 6DCBD7692422D9D90075215E /* Parstagram */;
			targetProxy = 6DCBD7812422D9DB0075215E /* PBXContainerItemProxy */;
		};
		6DCBD78D2422D9DB0075215E /* PBXTargetDependency */ = {
			isa = PBXTargetDependency;
			target = 6DCBD7692422D9D90075215E /* Parstagram */;
			targetProxy = 6DCBD78C2422D9DB0075215E /* PBXContainerItemProxy */;
		};
/* End PBXTargetDependency section */

/* Begin PBXVariantGroup section */
		6DCBD7732422D9DA0075215E /* Main.storyboard */ = {
			isa = PBXVariantGroup;
			children = (
				6DCBD7742422D9DA0075215E /* Base */,
			);
			name = Main.storyboard;
			sourceTree = "<group>";
		};
		6DCBD7782422D9DB0075215E /* LaunchScreen.storyboard */ = {
			isa = PBXVariantGroup;
			children = (
				6DCBD7792422D9DB0075215E /* Base */,
			);
			name = LaunchScreen.storyboard;
			sourceTree = "<group>";
		};
/* End PBXVariantGroup section */

/* Begin XCBuildConfiguration section */
		6DCBD7922422D9DB0075215E /* Debug */ = {
			isa = XCBuildConfiguration;
			buildSettings = {
				ALWAYS_SEARCH_USER_PATHS = NO;
				CLANG_ANALYZER_NONNULL = YES;
				CLANG_ANALYZER_NUMBER_OBJECT_CONVERSION = YES_AGGRESSIVE;
				CLANG_CXX_LANGUAGE_STANDARD = "gnu++14";
				CLANG_CXX_LIBRARY = "libc++";
				CLANG_ENABLE_MODULES = YES;
				CLANG_ENABLE_OBJC_ARC = YES;
				CLANG_ENABLE_OBJC_WEAK = YES;
				CLANG_WARN_BLOCK_CAPTURE_AUTORELEASING = YES;
				CLANG_WARN_BOOL_CONVERSION = YES;
				CLANG_WARN_COMMA = YES;
				CLANG_WARN_CONSTANT_CONVERSION = YES;
				CLANG_WARN_DEPRECATED_OBJC_IMPLEMENTATIONS = YES;
				CLANG_WARN_DIRECT_OBJC_ISA_USAGE = YES_ERROR;
				CLANG_WARN_DOCUMENTATION_COMMENTS = YES;
				CLANG_WARN_EMPTY_BODY = YES;
				CLANG_WARN_ENUM_CONVERSION = YES;
				CLANG_WARN_INFINITE_RECURSION = YES;
				CLANG_WARN_INT_CONVERSION = YES;
				CLANG_WARN_NON_LITERAL_NULL_CONVERSION = YES;
				CLANG_WARN_OBJC_IMPLICIT_RETAIN_SELF = YES;
				CLANG_WARN_OBJC_LITERAL_CONVERSION = YES;
				CLANG_WARN_OBJC_ROOT_CLASS = YES_ERROR;
				CLANG_WARN_RANGE_LOOP_ANALYSIS = YES;
				CLANG_WARN_STRICT_PROTOTYPES = YES;
				CLANG_WARN_SUSPICIOUS_MOVE = YES;
				CLANG_WARN_UNGUARDED_AVAILABILITY = YES_AGGRESSIVE;
				CLANG_WARN_UNREACHABLE_CODE = YES;
				CLANG_WARN__DUPLICATE_METHOD_MATCH = YES;
				COPY_PHASE_STRIP = NO;
				DEBUG_INFORMATION_FORMAT = dwarf;
				ENABLE_STRICT_OBJC_MSGSEND = YES;
				ENABLE_TESTABILITY = YES;
				GCC_C_LANGUAGE_STANDARD = gnu11;
				GCC_DYNAMIC_NO_PIC = NO;
				GCC_NO_COMMON_BLOCKS = YES;
				GCC_OPTIMIZATION_LEVEL = 0;
				GCC_PREPROCESSOR_DEFINITIONS = (
					"DEBUG=1",
					"$(inherited)",
				);
				GCC_WARN_64_TO_32_BIT_CONVERSION = YES;
				GCC_WARN_ABOUT_RETURN_TYPE = YES_ERROR;
				GCC_WARN_UNDECLARED_SELECTOR = YES;
				GCC_WARN_UNINITIALIZED_AUTOS = YES_AGGRESSIVE;
				GCC_WARN_UNUSED_FUNCTION = YES;
				GCC_WARN_UNUSED_VARIABLE = YES;
				IPHONEOS_DEPLOYMENT_TARGET = 13.2;
				MTL_ENABLE_DEBUG_INFO = INCLUDE_SOURCE;
				MTL_FAST_MATH = YES;
				ONLY_ACTIVE_ARCH = YES;
				SDKROOT = iphoneos;
				SWIFT_ACTIVE_COMPILATION_CONDITIONS = DEBUG;
				SWIFT_OPTIMIZATION_LEVEL = "-Onone";
			};
			name = Debug;
		};
		6DCBD7932422D9DB0075215E /* Release */ = {
			isa = XCBuildConfiguration;
			buildSettings = {
				ALWAYS_SEARCH_USER_PATHS = NO;
				CLANG_ANALYZER_NONNULL = YES;
				CLANG_ANALYZER_NUMBER_OBJECT_CONVERSION = YES_AGGRESSIVE;
				CLANG_CXX_LANGUAGE_STANDARD = "gnu++14";
				CLANG_CXX_LIBRARY = "libc++";
				CLANG_ENABLE_MODULES = YES;
				CLANG_ENABLE_OBJC_ARC = YES;
				CLANG_ENABLE_OBJC_WEAK = YES;
				CLANG_WARN_BLOCK_CAPTURE_AUTORELEASING = YES;
				CLANG_WARN_BOOL_CONVERSION = YES;
				CLANG_WARN_COMMA = YES;
				CLANG_WARN_CONSTANT_CONVERSION = YES;
				CLANG_WARN_DEPRECATED_OBJC_IMPLEMENTATIONS = YES;
				CLANG_WARN_DIRECT_OBJC_ISA_USAGE = YES_ERROR;
				CLANG_WARN_DOCUMENTATION_COMMENTS = YES;
				CLANG_WARN_EMPTY_BODY = YES;
				CLANG_WARN_ENUM_CONVERSION = YES;
				CLANG_WARN_INFINITE_RECURSION = YES;
				CLANG_WARN_INT_CONVERSION = YES;
				CLANG_WARN_NON_LITERAL_NULL_CONVERSION = YES;
				CLANG_WARN_OBJC_IMPLICIT_RETAIN_SELF = YES;
				CLANG_WARN_OBJC_LITERAL_CONVERSION = YES;
				CLANG_WARN_OBJC_ROOT_CLASS = YES_ERROR;
				CLANG_WARN_RANGE_LOOP_ANALYSIS = YES;
				CLANG_WARN_STRICT_PROTOTYPES = YES;
				CLANG_WARN_SUSPICIOUS_MOVE = YES;
				CLANG_WARN_UNGUARDED_AVAILABILITY = YES_AGGRESSIVE;
				CLANG_WARN_UNREACHABLE_CODE = YES;
				CLANG_WARN__DUPLICATE_METHOD_MATCH = YES;
				COPY_PHASE_STRIP = NO;
				DEBUG_INFORMATION_FORMAT = "dwarf-with-dsym";
				ENABLE_NS_ASSERTIONS = NO;
				ENABLE_STRICT_OBJC_MSGSEND = YES;
				GCC_C_LANGUAGE_STANDARD = gnu11;
				GCC_NO_COMMON_BLOCKS = YES;
				GCC_WARN_64_TO_32_BIT_CONVERSION = YES;
				GCC_WARN_ABOUT_RETURN_TYPE = YES_ERROR;
				GCC_WARN_UNDECLARED_SELECTOR = YES;
				GCC_WARN_UNINITIALIZED_AUTOS = YES_AGGRESSIVE;
				GCC_WARN_UNUSED_FUNCTION = YES;
				GCC_WARN_UNUSED_VARIABLE = YES;
				IPHONEOS_DEPLOYMENT_TARGET = 13.2;
				MTL_ENABLE_DEBUG_INFO = NO;
				MTL_FAST_MATH = YES;
				SDKROOT = iphoneos;
				SWIFT_COMPILATION_MODE = wholemodule;
				SWIFT_OPTIMIZATION_LEVEL = "-O";
				VALIDATE_PRODUCT = YES;
			};
			name = Release;
		};
		6DCBD7952422D9DC0075215E /* Debug */ = {
			isa = XCBuildConfiguration;
			buildSettings = {
				ASSETCATALOG_COMPILER_APPICON_NAME = AppIcon;
				CODE_SIGN_STYLE = Automatic;
				INFOPLIST_FILE = Parstagram/Info.plist;
				LD_RUNPATH_SEARCH_PATHS = (
					"$(inherited)",
					"@executable_path/Frameworks",
				);
				PRODUCT_BUNDLE_IDENTIFIER = com.yaoyu.Parstagram;
				PRODUCT_NAME = "$(TARGET_NAME)";
				SWIFT_VERSION = 5.0;
				TARGETED_DEVICE_FAMILY = "1,2";
			};
			name = Debug;
		};
		6DCBD7962422D9DC0075215E /* Release */ = {
			isa = XCBuildConfiguration;
			buildSettings = {
				ASSETCATALOG_COMPILER_APPICON_NAME = AppIcon;
				CODE_SIGN_STYLE = Automatic;
				INFOPLIST_FILE = Parstagram/Info.plist;
				LD_RUNPATH_SEARCH_PATHS = (
					"$(inherited)",
					"@executable_path/Frameworks",
				);
				PRODUCT_BUNDLE_IDENTIFIER = com.yaoyu.Parstagram;
				PRODUCT_NAME = "$(TARGET_NAME)";
				SWIFT_VERSION = 5.0;
				TARGETED_DEVICE_FAMILY = "1,2";
			};
			name = Release;
		};
		6DCBD7982422D9DC0075215E /* Debug */ = {
			isa = XCBuildConfiguration;
			buildSettings = {
				ALWAYS_EMBED_SWIFT_STANDARD_LIBRARIES = YES;
				BUNDLE_LOADER = "$(TEST_HOST)";
				CODE_SIGN_STYLE = Automatic;
				INFOPLIST_FILE = ParstagramTests/Info.plist;
				IPHONEOS_DEPLOYMENT_TARGET = 13.2;
				LD_RUNPATH_SEARCH_PATHS = (
					"$(inherited)",
					"@executable_path/Frameworks",
					"@loader_path/Frameworks",
				);
				PRODUCT_BUNDLE_IDENTIFIER = com.yaoyu.ParstagramTests;
				PRODUCT_NAME = "$(TARGET_NAME)";
				SWIFT_VERSION = 5.0;
				TARGETED_DEVICE_FAMILY = "1,2";
				TEST_HOST = "$(BUILT_PRODUCTS_DIR)/Parstagram.app/Parstagram";
			};
			name = Debug;
		};
		6DCBD7992422D9DC0075215E /* Release */ = {
			isa = XCBuildConfiguration;
			buildSettings = {
				ALWAYS_EMBED_SWIFT_STANDARD_LIBRARIES = YES;
				BUNDLE_LOADER = "$(TEST_HOST)";
				CODE_SIGN_STYLE = Automatic;
				INFOPLIST_FILE = ParstagramTests/Info.plist;
				IPHONEOS_DEPLOYMENT_TARGET = 13.2;
				LD_RUNPATH_SEARCH_PATHS = (
					"$(inherited)",
					"@executable_path/Frameworks",
					"@loader_path/Frameworks",
				);
				PRODUCT_BUNDLE_IDENTIFIER = com.yaoyu.ParstagramTests;
				PRODUCT_NAME = "$(TARGET_NAME)";
				SWIFT_VERSION = 5.0;
				TARGETED_DEVICE_FAMILY = "1,2";
				TEST_HOST = "$(BUILT_PRODUCTS_DIR)/Parstagram.app/Parstagram";
			};
			name = Release;
		};
		6DCBD79B2422D9DC0075215E /* Debug */ = {
			isa = XCBuildConfiguration;
			buildSettings = {
				ALWAYS_EMBED_SWIFT_STANDARD_LIBRARIES = YES;
				CODE_SIGN_STYLE = Automatic;
				INFOPLIST_FILE = ParstagramUITests/Info.plist;
				LD_RUNPATH_SEARCH_PATHS = (
					"$(inherited)",
					"@executable_path/Frameworks",
					"@loader_path/Frameworks",
				);
				PRODUCT_BUNDLE_IDENTIFIER = com.yaoyu.ParstagramUITests;
				PRODUCT_NAME = "$(TARGET_NAME)";
				SWIFT_VERSION = 5.0;
				TARGETED_DEVICE_FAMILY = "1,2";
				TEST_TARGET_NAME = Parstagram;
			};
			name = Debug;
		};
		6DCBD79C2422D9DC0075215E /* Release */ = {
			isa = XCBuildConfiguration;
			buildSettings = {
				ALWAYS_EMBED_SWIFT_STANDARD_LIBRARIES = YES;
				CODE_SIGN_STYLE = Automatic;
				INFOPLIST_FILE = ParstagramUITests/Info.plist;
				LD_RUNPATH_SEARCH_PATHS = (
					"$(inherited)",
					"@executable_path/Frameworks",
					"@loader_path/Frameworks",
				);
				PRODUCT_BUNDLE_IDENTIFIER = com.yaoyu.ParstagramUITests;
				PRODUCT_NAME = "$(TARGET_NAME)";
				SWIFT_VERSION = 5.0;
				TARGETED_DEVICE_FAMILY = "1,2";
				TEST_TARGET_NAME = Parstagram;
			};
			name = Release;
		};
/* End XCBuildConfiguration section */

/* Begin XCConfigurationList section */
		6DCBD7652422D9D90075215E /* Build configuration list for PBXProject "Parstagram" */ = {
			isa = XCConfigurationList;
			buildConfigurations = (
				6DCBD7922422D9DB0075215E /* Debug */,
				6DCBD7932422D9DB0075215E /* Release */,
			);
			defaultConfigurationIsVisible = 0;
			defaultConfigurationName = Release;
		};
		6DCBD7942422D9DC0075215E /* Build configuration list for PBXNativeTarget "Parstagram" */ = {
			isa = XCConfigurationList;
			buildConfigurations = (
				6DCBD7952422D9DC0075215E /* Debug */,
				6DCBD7962422D9DC0075215E /* Release */,
			);
			defaultConfigurationIsVisible = 0;
			defaultConfigurationName = Release;
		};
		6DCBD7972422D9DC0075215E /* Build configuration list for PBXNativeTarget "ParstagramTests" */ = {
			isa = XCConfigurationList;
			buildConfigurations = (
				6DCBD7982422D9DC0075215E /* Debug */,
				6DCBD7992422D9DC0075215E /* Release */,
			);
			defaultConfigurationIsVisible = 0;
			defaultConfigurationName = Release;
		};
		6DCBD79A2422D9DC0075215E /* Build configuration list for PBXNativeTarget "ParstagramUITests" */ = {
			isa = XCConfigurationList;
			buildConfigurations = (
				6DCBD79B2422D9DC0075215E /* Debug */,
				6DCBD79C2422D9DC0075215E /* Release */,
			);
			defaultConfigurationIsVisible = 0;
			defaultConfigurationName = Release;
		};
/* End XCConfigurationList section */
	};
	rootObject = 6DCBD7622422D9D90075215E /* Project object */;
}
